
Microsoft Visual Studio Solution File, Format Version 12.00
# Visual Studio 15
VisualStudioVersion = 15.0.28307.421
MinimumVisualStudioVersion = 10.0.40219.1
Project("{159641D6-6404-4A2A-AE62-294DE0FE8301}") = "Project2", "Project2\Project2.dtproj", "{A5315AAF-C5E9-4DBC-9AF8-B4969A4F8D6D}"
EndProject
Global
	GlobalSection(SolutionConfigurationPlatforms) = preSolution
		Development|Default = Development|Default
	EndGlobalSection
	GlobalSection(ProjectConfigurationPlatforms) = postSolution
		{A5315AAF-C5E9-4DBC-9AF8-B4969A4F8D6D}.Development|Default.ActiveCfg = Development
		{A5315AAF-C5E9-4DBC-9AF8-B4969A4F8D6D}.Development|Default.Build.0 = Development
	EndGlobalSection
	GlobalSection(SolutionProperties) = preSolution
		HideSolutionNode = FALSE
	EndGlobalSection
	GlobalSection(ExtensibilityGlobals) = postSolution
		SolutionGuid = {30EA3C97-C2DA-4EF1-B1CA-0D051C485111}
	EndGlobalSection
EndGlobal
