
Microsoft Visual Studio Solution File, Format Version 12.00
# Visual Studio 15
VisualStudioVersion = 15.0.28307.421
MinimumVisualStudioVersion = 10.0.40219.1
Project("{159641D6-6404-4A2A-AE62-294DE0FE8301}") = "Project5", "Project5\Project5.dtproj", "{30704093-5635-4A9E-8572-E93FCEEBB915}"
EndProject
Global
	GlobalSection(SolutionConfigurationPlatforms) = preSolution
		Development|Default = Development|Default
	EndGlobalSection
	GlobalSection(ProjectConfigurationPlatforms) = postSolution
		{30704093-5635-4A9E-8572-E93FCEEBB915}.Development|Default.ActiveCfg = Development
		{30704093-5635-4A9E-8572-E93FCEEBB915}.Development|Default.Build.0 = Development
	EndGlobalSection
	GlobalSection(SolutionProperties) = preSolution
		HideSolutionNode = FALSE
	EndGlobalSection
	GlobalSection(ExtensibilityGlobals) = postSolution
		SolutionGuid = {F49D874B-3833-4E6F-802E-5B501998812D}
	EndGlobalSection
EndGlobal
